
Microsoft Visual Studio Solution File, Format Version 12.00
# Visual Studio Version 17
VisualStudioVersion = 17.0.32014.148
MinimumVisualStudioVersion = 10.0.40219.1
Project("{FAE04EC0-301F-11D3-BF4B-00C04F79EFBC}") = "API", "JobListings\API.csproj", "{1350D902-F5E1-4022-AE80-565D99BCCD0B}"
EndProject
Project("{FAE04EC0-301F-11D3-BF4B-00C04F79EFBC}") = "Domain", "Domain\Domain.csproj", "{19FBCB92-930E-43EC-9C40-FDAA6C0B6A49}"
EndProject
Project("{FAE04EC0-301F-11D3-BF4B-00C04F79EFBC}") = "App", "App\App.csproj", "{A8E424C0-0E26-4858-AC4D-FD2F1E064DB9}"
EndProject
Project("{FAE04EC0-301F-11D3-BF4B-00C04F79EFBC}") = "DataLayer", "DataLayer\DataLayer.csproj", "{D7A977B5-ECE4-4732-94F9-AD8271BD05DB}"
EndProject
Global
	GlobalSection(SolutionConfigurationPlatforms) = preSolution
		Debug|Any CPU = Debug|Any CPU
		Release|Any CPU = Release|Any CPU
	EndGlobalSection
	GlobalSection(ProjectConfigurationPlatforms) = postSolution
		{1350D902-F5E1-4022-AE80-565D99BCCD0B}.Debug|Any CPU.ActiveCfg = Debug|Any CPU
		{1350D902-F5E1-4022-AE80-565D99BCCD0B}.Debug|Any CPU.Build.0 = Debug|Any CPU
		{1350D902-F5E1-4022-AE80-565D99BCCD0B}.Release|Any CPU.ActiveCfg = Release|Any CPU
		{1350D902-F5E1-4022-AE80-565D99BCCD0B}.Release|Any CPU.Build.0 = Release|Any CPU
		{19FBCB92-930E-43EC-9C40-FDAA6C0B6A49}.Debug|Any CPU.ActiveCfg = Debug|Any CPU
		{19FBCB92-930E-43EC-9C40-FDAA6C0B6A49}.Debug|Any CPU.Build.0 = Debug|Any CPU
		{19FBCB92-930E-43EC-9C40-FDAA6C0B6A49}.Release|Any CPU.ActiveCfg = Release|Any CPU
		{19FBCB92-930E-43EC-9C40-FDAA6C0B6A49}.Release|Any CPU.Build.0 = Release|Any CPU
		{A8E424C0-0E26-4858-AC4D-FD2F1E064DB9}.Debug|Any CPU.ActiveCfg = Debug|Any CPU
		{A8E424C0-0E26-4858-AC4D-FD2F1E064DB9}.Debug|Any CPU.Build.0 = Debug|Any CPU
		{A8E424C0-0E26-4858-AC4D-FD2F1E064DB9}.Release|Any CPU.ActiveCfg = Release|Any CPU
		{A8E424C0-0E26-4858-AC4D-FD2F1E064DB9}.Release|Any CPU.Build.0 = Release|Any CPU
		{D7A977B5-ECE4-4732-94F9-AD8271BD05DB}.Debug|Any CPU.ActiveCfg = Debug|Any CPU
		{D7A977B5-ECE4-4732-94F9-AD8271BD05DB}.Debug|Any CPU.Build.0 = Debug|Any CPU
		{D7A977B5-ECE4-4732-94F9-AD8271BD05DB}.Release|Any CPU.ActiveCfg = Release|Any CPU
		{D7A977B5-ECE4-4732-94F9-AD8271BD05DB}.Release|Any CPU.Build.0 = Release|Any CPU
	EndGlobalSection
	GlobalSection(SolutionProperties) = preSolution
		HideSolutionNode = FALSE
	EndGlobalSection
	GlobalSection(ExtensibilityGlobals) = postSolution
		SolutionGuid = {BDFFD7EF-E5CB-4C57-8C63-0F4A649FD4FA}
	EndGlobalSection
EndGlobal
